{
    "_readme": [
        "This file locks the dependencies of your project to a known state",
        "Read more about it at http://getcomposer.org/doc/01-basic-usage.md#composer-lock-the-lock-file",
        "This file is @generated automatically"
    ],
    "hash": "fe65416048232adf6b70934753340c86",
    "packages": [
        {
            "name": "exeu/apai-io",
            "version": "dev-master",
            "source": {
                "type": "git",
                "url": "https://github.com/Exeu/apai-io.git",
                "reference": "d7ba266bacf52a4e5215c02d889d319ef56ff098"
            },
            "dist": {
                "type": "zip",
                "url": "https://api.github.com/repos/Exeu/apai-io/zipball/d7ba266bacf52a4e5215c02d889d319ef56ff098",
                "reference": "d7ba266bacf52a4e5215c02d889d319ef56ff098",
                "shasum": ""
            },
            "require": {
                "ext-curl": "*",
                "php": ">=5.3.0"
            },
            "type": "library",
            "autoload": {
                "psr-0": {
                    "ApaiIO": "lib/"
                }
            },
            "notification-url": "https://packagist.org/downloads/",
            "license": [
                "Apache-2.0"
            ],
            "authors": [
                {
                    "name": "Jan Eichhorn",
                    "email": "exeu65@googlemail.com",
                    "role": "Maintainer"
                },
                {
                    "name": "Dejan Spasic",
                    "email": "dejan.spasic@bitweise.biz",
                    "role": "Developer"
                }
            ],
            "description": "Amazon Product Advertising PHP Library",
            "homepage": "https://github.com/Exeu/apai-io",
            "keywords": [
                "ECS",
                "Product Advertising",
                "amazon",
                "products",
                "rest",
                "soap"
            ],
            "time": "2014-05-24 14:46:52"
        }
    ],
    "packages-dev": [],
    "aliases": [],
    "minimum-stability": "stable",
    "stability-flags": {
        "exeu/apai-io": 20
    },
    "platform": [],
    "platform-dev": []
}
